
Microsoft Visual Studio Solution File, Format Version 12.00
# Visual Studio Version 16
VisualStudioVersion = 16.0.30611.23
MinimumVisualStudioVersion = 10.0.40219.1
Project("{9A19103F-16F7-4668-BE54-9A1E7A4F7556}") = "MemLeakObservableSample", "src\MemLeakObservableSample\MemLeakObservableSample.csproj", "{6CC2BB3B-8708-4CF2-8A3B-F0D629258E99}"
EndProject
Project("{FAE04EC0-301F-11D3-BF4B-00C04F79EFBC}") = "MemLeakObservableSample.Android", "src\MemLeakObservableSample.Android\MemLeakObservableSample.Android.csproj", "{CE192B48-A49E-4988-B76F-E5664F25CC6F}"
EndProject
Project("{FAE04EC0-301F-11D3-BF4B-00C04F79EFBC}") = "MemLeakObservableSample.iOS", "src\MemLeakObservableSample.iOS\MemLeakObservableSample.iOS.csproj", "{A698D3BF-51D3-4F25-AD88-8E2B9D99DD35}"
EndProject
Global
	GlobalSection(SolutionConfigurationPlatforms) = preSolution
		Debug|Any CPU = Debug|Any CPU
		Debug|iPhone = Debug|iPhone
		Debug|iPhoneSimulator = Debug|iPhoneSimulator
		Release|Any CPU = Release|Any CPU
		Release|iPhone = Release|iPhone
		Release|iPhoneSimulator = Release|iPhoneSimulator
	EndGlobalSection
	GlobalSection(ProjectConfigurationPlatforms) = postSolution
		{6CC2BB3B-8708-4CF2-8A3B-F0D629258E99}.Debug|Any CPU.ActiveCfg = Debug|Any CPU
		{6CC2BB3B-8708-4CF2-8A3B-F0D629258E99}.Debug|Any CPU.Build.0 = Debug|Any CPU
		{6CC2BB3B-8708-4CF2-8A3B-F0D629258E99}.Debug|iPhone.ActiveCfg = Debug|Any CPU
		{6CC2BB3B-8708-4CF2-8A3B-F0D629258E99}.Debug|iPhone.Build.0 = Debug|Any CPU
		{6CC2BB3B-8708-4CF2-8A3B-F0D629258E99}.Debug|iPhoneSimulator.ActiveCfg = Debug|Any CPU
		{6CC2BB3B-8708-4CF2-8A3B-F0D629258E99}.Debug|iPhoneSimulator.Build.0 = Debug|Any CPU
		{6CC2BB3B-8708-4CF2-8A3B-F0D629258E99}.Release|Any CPU.ActiveCfg = Release|Any CPU
		{6CC2BB3B-8708-4CF2-8A3B-F0D629258E99}.Release|Any CPU.Build.0 = Release|Any CPU
		{6CC2BB3B-8708-4CF2-8A3B-F0D629258E99}.Release|iPhone.ActiveCfg = Release|Any CPU
		{6CC2BB3B-8708-4CF2-8A3B-F0D629258E99}.Release|iPhone.Build.0 = Release|Any CPU
		{6CC2BB3B-8708-4CF2-8A3B-F0D629258E99}.Release|iPhoneSimulator.ActiveCfg = Release|Any CPU
		{6CC2BB3B-8708-4CF2-8A3B-F0D629258E99}.Release|iPhoneSimulator.Build.0 = Release|Any CPU
		{CE192B48-A49E-4988-B76F-E5664F25CC6F}.Debug|Any CPU.ActiveCfg = Debug|Any CPU
		{CE192B48-A49E-4988-B76F-E5664F25CC6F}.Debug|Any CPU.Build.0 = Debug|Any CPU
		{CE192B48-A49E-4988-B76F-E5664F25CC6F}.Debug|Any CPU.Deploy.0 = Debug|Any CPU
		{CE192B48-A49E-4988-B76F-E5664F25CC6F}.Debug|iPhone.ActiveCfg = Debug|Any CPU
		{CE192B48-A49E-4988-B76F-E5664F25CC6F}.Debug|iPhone.Build.0 = Debug|Any CPU
		{CE192B48-A49E-4988-B76F-E5664F25CC6F}.Debug|iPhone.Deploy.0 = Debug|Any CPU
		{CE192B48-A49E-4988-B76F-E5664F25CC6F}.Debug|iPhoneSimulator.ActiveCfg = Debug|Any CPU
		{CE192B48-A49E-4988-B76F-E5664F25CC6F}.Debug|iPhoneSimulator.Build.0 = Debug|Any CPU
		{CE192B48-A49E-4988-B76F-E5664F25CC6F}.Debug|iPhoneSimulator.Deploy.0 = Debug|Any CPU
		{CE192B48-A49E-4988-B76F-E5664F25CC6F}.Release|Any CPU.ActiveCfg = Release|Any CPU
		{CE192B48-A49E-4988-B76F-E5664F25CC6F}.Release|Any CPU.Build.0 = Release|Any CPU
		{CE192B48-A49E-4988-B76F-E5664F25CC6F}.Release|Any CPU.Deploy.0 = Release|Any CPU
		{CE192B48-A49E-4988-B76F-E5664F25CC6F}.Release|iPhone.ActiveCfg = Release|Any CPU
		{CE192B48-A49E-4988-B76F-E5664F25CC6F}.Release|iPhone.Build.0 = Release|Any CPU
		{CE192B48-A49E-4988-B76F-E5664F25CC6F}.Release|iPhone.Deploy.0 = Release|Any CPU
		{CE192B48-A49E-4988-B76F-E5664F25CC6F}.Release|iPhoneSimulator.ActiveCfg = Release|Any CPU
		{CE192B48-A49E-4988-B76F-E5664F25CC6F}.Release|iPhoneSimulator.Build.0 = Release|Any CPU
		{CE192B48-A49E-4988-B76F-E5664F25CC6F}.Release|iPhoneSimulator.Deploy.0 = Release|Any CPU
		{A698D3BF-51D3-4F25-AD88-8E2B9D99DD35}.Debug|Any CPU.ActiveCfg = Debug|iPhoneSimulator
		{A698D3BF-51D3-4F25-AD88-8E2B9D99DD35}.Debug|iPhone.ActiveCfg = Debug|iPhone
		{A698D3BF-51D3-4F25-AD88-8E2B9D99DD35}.Debug|iPhone.Build.0 = Debug|iPhone
		{A698D3BF-51D3-4F25-AD88-8E2B9D99DD35}.Debug|iPhoneSimulator.ActiveCfg = Debug|iPhoneSimulator
		{A698D3BF-51D3-4F25-AD88-8E2B9D99DD35}.Debug|iPhoneSimulator.Build.0 = Debug|iPhoneSimulator
		{A698D3BF-51D3-4F25-AD88-8E2B9D99DD35}.Release|Any CPU.ActiveCfg = Release|iPhoneSimulator
		{A698D3BF-51D3-4F25-AD88-8E2B9D99DD35}.Release|iPhone.ActiveCfg = Release|iPhone
		{A698D3BF-51D3-4F25-AD88-8E2B9D99DD35}.Release|iPhone.Build.0 = Release|iPhone
		{A698D3BF-51D3-4F25-AD88-8E2B9D99DD35}.Release|iPhoneSimulator.ActiveCfg = Release|iPhoneSimulator
		{A698D3BF-51D3-4F25-AD88-8E2B9D99DD35}.Release|iPhoneSimulator.Build.0 = Release|iPhoneSimulator
	EndGlobalSection
	GlobalSection(SolutionProperties) = preSolution
		HideSolutionNode = FALSE
	EndGlobalSection
	GlobalSection(ExtensibilityGlobals) = postSolution
		SolutionGuid = {1F8BB37E-8EBA-49DA-B4B8-CF05E034C040}
	EndGlobalSection
EndGlobal
